
Microsoft Visual Studio Solution File, Format Version 12.00
# Visual Studio 15
VisualStudioVersion = 15.0.28307.421
MinimumVisualStudioVersion = 10.0.40219.1
Project("{FAE04EC0-301F-11D3-BF4B-00C04F79EFBC}") = "RESTDatabaseTemplate", "RESTDatabaseTemplate\RESTDatabaseTemplate.csproj", "{F86001E9-F7C2-4C67-862D-2FD1FB6432C0}"
EndProject
Global
	GlobalSection(SolutionConfigurationPlatforms) = preSolution
		Debug|Any CPU = Debug|Any CPU
		Release|Any CPU = Release|Any CPU
	EndGlobalSection
	GlobalSection(ProjectConfigurationPlatforms) = postSolution
		{F86001E9-F7C2-4C67-862D-2FD1FB6432C0}.Debug|Any CPU.ActiveCfg = Debug|Any CPU
		{F86001E9-F7C2-4C67-862D-2FD1FB6432C0}.Debug|Any CPU.Build.0 = Debug|Any CPU
		{F86001E9-F7C2-4C67-862D-2FD1FB6432C0}.Release|Any CPU.ActiveCfg = Release|Any CPU
		{F86001E9-F7C2-4C67-862D-2FD1FB6432C0}.Release|Any CPU.Build.0 = Release|Any CPU
	EndGlobalSection
	GlobalSection(SolutionProperties) = preSolution
		HideSolutionNode = FALSE
	EndGlobalSection
	GlobalSection(ExtensibilityGlobals) = postSolution
		SolutionGuid = {14CED209-7D32-4BB9-959D-7C7F5C4467DE}
	EndGlobalSection
EndGlobal
